<?xml version="1.0" encoding="utf-8"?>
<Project ToolsVersion="4.0" xmlns="http://schemas.microsoft.com/developer/msbuild/2003">
  <ItemGroup>
    <Filter Include="Resource Files">
      <UniqueIdentifier>{67DA6AB6-F800-4c08-8B7A-83BB121AAD01}</UniqueIdentifier>
      <Extensions>rc;ico;cur;bmp;dlg;rc2;rct;bin;rgs;gif;jpg;jpeg;jpe;resx;tiff;tif;png;wav;mfcribbon-ms</Extensions>
    </Filter>
    <Filter Include="Common">
      <UniqueIdentifier>{f9c135a1-ce59-4715-a7d8-5e51fc906ce5}</UniqueIdentifier>
    </Filter>
    <Filter Include="Common\IoC">
      <UniqueIdentifier>{066b2dca-a83e-48cb-a2a1-18d11ba49759}</UniqueIdentifier>
    </Filter>
    <Filter Include="Core">
      <UniqueIdentifier>{5b1ac765-d5d0-4027-ad47-13db9b0326c4}</UniqueIdentifier>
    </Filter>
    <Filter Include="Core\States">
      <UniqueIdentifier>{fcd93201-4abe-4ae4-8795-d53de52df23f}</UniqueIdentifier>
    </Filter>
  </ItemGroup>
  <ItemGroup>
    <ClCompile Include="EntryP.cpp" />
    <ClCompile Include="Core\Game.cpp">
      <Filter>Core</Filter>
    </ClCompile>
  </ItemGroup>
  <ItemGroup>
    <ClInclude Include="Common\IoC\Container.h">
      <Filter>Common\IoC</Filter>
    </ClInclude>
    <ClInclude Include="Core\Game.h">
      <Filter>Core</Filter>
    </ClInclude>
    <ClInclude Include="Core\States\IState.h">
      <Filter>Core\States</Filter>
    </ClInclude>
    <ClInclude Include="Core\IGameThing.h">
      <Filter>Core</Filter>
    </ClInclude>
  </ItemGroup>
</Project>